
Microsoft Visual Studio Solution File, Format Version 12.00
# Visual Studio Version 16
VisualStudioVersion = 16.0.30309.148
MinimumVisualStudioVersion = 10.0.40219.1
Project("{9A19103F-16F7-4668-BE54-9A1E7A4F7556}") = "Sigma.Validation", "Sigma.Validation\Sigma.Validation.csproj", "{14614030-1518-4889-85E2-C54590C98D7D}"
EndProject
Project("{FAE04EC0-301F-11D3-BF4B-00C04F79EFBC}") = "Sigma.Validation.Test", "Sigma.Validation.Test\Sigma.Validation.Test.csproj", "{1A6B1CDB-A82F-4558-8F43-222BD07B4DF0}"
EndProject
Global
	GlobalSection(SolutionConfigurationPlatforms) = preSolution
		Debug|Any CPU = Debug|Any CPU
		Release|Any CPU = Release|Any CPU
	EndGlobalSection
	GlobalSection(ProjectConfigurationPlatforms) = postSolution
		{14614030-1518-4889-85E2-C54590C98D7D}.Debug|Any CPU.ActiveCfg = Debug|Any CPU
		{14614030-1518-4889-85E2-C54590C98D7D}.Debug|Any CPU.Build.0 = Debug|Any CPU
		{14614030-1518-4889-85E2-C54590C98D7D}.Release|Any CPU.ActiveCfg = Release|Any CPU
		{14614030-1518-4889-85E2-C54590C98D7D}.Release|Any CPU.Build.0 = Release|Any CPU
		{1A6B1CDB-A82F-4558-8F43-222BD07B4DF0}.Debug|Any CPU.ActiveCfg = Debug|Any CPU
		{1A6B1CDB-A82F-4558-8F43-222BD07B4DF0}.Debug|Any CPU.Build.0 = Debug|Any CPU
		{1A6B1CDB-A82F-4558-8F43-222BD07B4DF0}.Release|Any CPU.ActiveCfg = Release|Any CPU
		{1A6B1CDB-A82F-4558-8F43-222BD07B4DF0}.Release|Any CPU.Build.0 = Release|Any CPU
	EndGlobalSection
	GlobalSection(SolutionProperties) = preSolution
		HideSolutionNode = FALSE
	EndGlobalSection
	GlobalSection(ExtensibilityGlobals) = postSolution
		SolutionGuid = {96E1E930-2AC4-47EC-A464-98633318C7F8}
	EndGlobalSection
EndGlobal
